
Microsoft Visual Studio Solution File, Format Version 12.00
# Visual Studio Version 17
VisualStudioVersion = 17.9.34728.123
MinimumVisualStudioVersion = 10.0.40219.1
Project("{8BC9CEB8-8B4A-11D0-8D11-00A0C91BC942}") = "LoadToAlgorithm", "LoadToAlgorithm\LoadToAlgorithm.vcxproj", "{206A3A3F-54F2-4BD3-9908-8FBC8E6D2CF4}"
EndProject
Project("{8BC9CEB8-8B4A-11D0-8D11-00A0C91BC942}") = "no11659", "no11659\no11659.vcxproj", "{D5A380EC-BDA4-4B3C-8E5D-E58DB62D6956}"
EndProject
Project("{8BC9CEB8-8B4A-11D0-8D11-00A0C91BC942}") = "no11660", "no11660\no11660.vcxproj", "{97EED735-3D5D-4872-93A8-A01EBECC854E}"
EndProject
Project("{8BC9CEB8-8B4A-11D0-8D11-00A0C91BC942}") = "no10986", "no10986\no10986.vcxproj", "{C5F85E8F-E783-48C2-AF32-7ED5B6AC4C3B}"
EndProject
Project("{8BC9CEB8-8B4A-11D0-8D11-00A0C91BC942}") = "no2018", "no2018\no2018.vcxproj", "{4132D984-8961-4E27-8E7D-BAF9A11BA3C3}"
EndProject
Project("{8BC9CEB8-8B4A-11D0-8D11-00A0C91BC942}") = "no1940", "no1940\no1940.vcxproj", "{9EEE3DEF-DE79-4675-BE3B-9D7E7E40A5E1}"
EndProject
Project("{8BC9CEB8-8B4A-11D0-8D11-00A0C91BC942}") = "no1181", "no1181\no1181.vcxproj", "{D0732B2C-28E0-436A-B9FF-A4F0A6956904}"
EndProject
Project("{8BC9CEB8-8B4A-11D0-8D11-00A0C91BC942}") = "no2292", "no2292\no2292.vcxproj", "{4A2EC907-83E6-4339-879E-586D831C1337}"
EndProject
Project("{8BC9CEB8-8B4A-11D0-8D11-00A0C91BC942}") = "no1463", "no1463\no1463.vcxproj", "{E350AF75-93F6-4E09-96A8-782023C6520A}"
EndProject
Project("{8BC9CEB8-8B4A-11D0-8D11-00A0C91BC942}") = "Euclidean", "Euclidean\Euclidean.vcxproj", "{62CD4D0A-E4B5-4EA0-B955-B396E22B8807}"
EndProject
Project("{8BC9CEB8-8B4A-11D0-8D11-00A0C91BC942}") = "Eratosthenes", "Eratosthenes\Eratosthenes.vcxproj", "{52587090-A0E1-46B3-BA90-053CFA485DA6}"
EndProject
Project("{8BC9CEB8-8B4A-11D0-8D11-00A0C91BC942}") = "Mr. K likes to organize things", "Mr. K likes to organize things\Mr. K likes to organize things.vcxproj", "{D0D4DF55-7256-4DA9-868C-DC21987C7F7E}"
EndProject
Project("{8BC9CEB8-8B4A-11D0-8D11-00A0C91BC942}") = "Palindrome", "Palindrome\Palindrome.vcxproj", "{62EA2626-D258-4E1A-B70A-B999364D576D}"
EndProject
Project("{8BC9CEB8-8B4A-11D0-8D11-00A0C91BC942}") = "Divide and Conquer", "Divide and Conquer\Divide and Conquer.vcxproj", "{4E894804-E952-44DC-9AF3-0D49B21DD572}"
EndProject
Project("{8BC9CEB8-8B4A-11D0-8D11-00A0C91BC942}") = "String decompression", "String decompression\String decompression.vcxproj", "{3B6A00B8-8C2B-4090-B8E7-34B606E2B758}"
EndProject
Project("{8BC9CEB8-8B4A-11D0-8D11-00A0C91BC942}") = "Game on Tree", "Game on Tree\Game on Tree.vcxproj", "{CFD35D42-BEF1-4074-A31F-D993D4D998E2}"
EndProject
Project("{8BC9CEB8-8B4A-11D0-8D11-00A0C91BC942}") = "no10828", "no10828\no10828.vcxproj", "{5E7F7935-EB24-4304-B715-8765ADF66EDF}"
EndProject
Project("{8BC9CEB8-8B4A-11D0-8D11-00A0C91BC942}") = "no9012", "no9012\no9012.vcxproj", "{EF3A6EC0-87E5-4D81-9F3C-BAE7687B8A44}"
EndProject
Project("{8BC9CEB8-8B4A-11D0-8D11-00A0C91BC942}") = "no10816", "no10816\no10816.vcxproj", "{E2D46E2E-F49C-4831-9E82-A6222CA089DC}"
EndProject
Project("{8BC9CEB8-8B4A-11D0-8D11-00A0C91BC942}") = "no10845", "no10845\no10845.vcxproj", "{379AEAAC-2855-433F-B272-E1ADF3718041}"
EndProject
Project("{8BC9CEB8-8B4A-11D0-8D11-00A0C91BC942}") = "no1018", "no1018\no1018.vcxproj", "{76D8752E-EE26-4253-8A51-7B232013C924}"
EndProject
Project("{8BC9CEB8-8B4A-11D0-8D11-00A0C91BC942}") = "no2164", "no2164\no2164.vcxproj", "{A82E361C-CBEB-4566-8B1A-377B634DB70A}"
EndProject
Project("{8BC9CEB8-8B4A-11D0-8D11-00A0C91BC942}") = "no11050", "no11050\no11050.vcxproj", "{FAE7CA07-0858-419F-8038-BF715685BA00}"
EndProject
Project("{8BC9CEB8-8B4A-11D0-8D11-00A0C91BC942}") = "no11866", "no11866\no11866.vcxproj", "{2E65A188-19D1-4EEC-97CF-45007516F293}"
EndProject
Project("{8BC9CEB8-8B4A-11D0-8D11-00A0C91BC942}") = "no30802", "no30802\no30802.vcxproj", "{EA082348-B79E-4127-8624-101B6B044820}"
EndProject
Project("{8BC9CEB8-8B4A-11D0-8D11-00A0C91BC942}") = "no1003", "no1003\no1003.vcxproj", "{136E4E78-9F63-4823-810C-8F70C60F7CFB}"
EndProject
Project("{8BC9CEB8-8B4A-11D0-8D11-00A0C91BC942}") = "no1260", "no1260\no1260.vcxproj", "{9B3F5465-DF25-4F04-9E83-C0B07C19D015}"
EndProject
Project("{8BC9CEB8-8B4A-11D0-8D11-00A0C91BC942}") = "no1654", "no1654\no1654.vcxproj", "{5AA83EB0-478A-4113-B0E4-1C2E116208C9}"
EndProject
Project("{8BC9CEB8-8B4A-11D0-8D11-00A0C91BC942}") = "no2579", "no2579\no2579.vcxproj", "{41B1C183-5390-4A24-9CE4-3FFA59223D7A}"
EndProject
Project("{8BC9CEB8-8B4A-11D0-8D11-00A0C91BC942}") = "no2606", "no2606\no2606.vcxproj", "{BD0B6F82-C27C-4B18-BDFC-2147716D7845}"
EndProject
Project("{8BC9CEB8-8B4A-11D0-8D11-00A0C91BC942}") = "no1012", "no1012\no1012.vcxproj", "{2AA5ED8B-9BCB-479B-99B9-561BC9C28DED}"
EndProject
Project("{8BC9CEB8-8B4A-11D0-8D11-00A0C91BC942}") = "no1764", "no1764\no1764.vcxproj", "{7F25E360-71EA-4A0C-841A-D7FE1A1FE2D0}"
EndProject
Project("{8BC9CEB8-8B4A-11D0-8D11-00A0C91BC942}") = "no1253", "no1253\no1253.vcxproj", "{80975A97-7831-41DB-8275-C7845097C46F}"
EndProject
Project("{8BC9CEB8-8B4A-11D0-8D11-00A0C91BC942}") = "no12891", "no12891\no12891.vcxproj", "{02DC6E44-74C4-47F0-8994-A0392ED0A61D}"
EndProject
Project("{8BC9CEB8-8B4A-11D0-8D11-00A0C91BC942}") = "no30804", "no30804\no30804.vcxproj", "{6C8F98D0-DD78-4F09-88E4-449AB67D0E2E}"
EndProject
Project("{8BC9CEB8-8B4A-11D0-8D11-00A0C91BC942}") = "no11723", "no11723\no11723.vcxproj", "{628B31F8-FE17-4F90-811F-2194DA7E43E5}"
EndProject
Project("{8BC9CEB8-8B4A-11D0-8D11-00A0C91BC942}") = "no11724", "no11724\no11724.vcxproj", "{24353241-6F3E-4963-AB56-FE6AA574B8D0}"
EndProject
Project("{8BC9CEB8-8B4A-11D0-8D11-00A0C91BC942}") = "no17219", "no17219\no17219.vcxproj", "{B5D5F778-25EA-4CAA-9D15-F78440825578}"
EndProject
Project("{8BC9CEB8-8B4A-11D0-8D11-00A0C91BC942}") = "no11727", "no11727\no11727.vcxproj", "{D1257FC4-B626-4FC5-A30F-0E21DF9EAE7C}"
EndProject
Project("{8BC9CEB8-8B4A-11D0-8D11-00A0C91BC942}") = "no1074", "no1074\no1074.vcxproj", "{005D6E8C-40C8-4D2F-840A-7C69BD3CFE53}"
EndProject
Project("{8BC9CEB8-8B4A-11D0-8D11-00A0C91BC942}") = "no9095", "no9095\no9095.vcxproj", "{F634AB4A-77B2-4FC1-A201-D72A660E74FC}"
EndProject
Project("{8BC9CEB8-8B4A-11D0-8D11-00A0C91BC942}") = "no2751", "no2751\no2751.vcxproj", "{4E045D08-ADF8-45BF-B14C-643D0B6771D3}"
EndProject
Project("{8BC9CEB8-8B4A-11D0-8D11-00A0C91BC942}") = "no10989", "no10989\no10989.vcxproj", "{66AB7065-D941-40C8-A7E4-3C904C70952B}"
EndProject
Project("{8BC9CEB8-8B4A-11D0-8D11-00A0C91BC942}") = "no11399", "no11399\no11399.vcxproj", "{D4AB8769-D3C4-43B6-A008-D6571ED7A4B1}"
EndProject
Project("{8BC9CEB8-8B4A-11D0-8D11-00A0C91BC942}") = "no9375", "no9375\no9375.vcxproj", "{1EB295A7-401B-4D60-8FDE-8A4E05372734}"
EndProject
Project("{8BC9CEB8-8B4A-11D0-8D11-00A0C91BC942}") = "no1389", "no1389\no1389.vcxproj", "{4AA8BBCD-98D5-4392-A232-E3E6B8C633C1}"
EndProject
Project("{8BC9CEB8-8B4A-11D0-8D11-00A0C91BC942}") = "no2839", "no2839\no2839.vcxproj", "{E28B015B-5D25-4120-81A2-F79470E248A1}"
EndProject
Project("{8BC9CEB8-8B4A-11D0-8D11-00A0C91BC942}") = "no1927", "no1927\no1927.vcxproj", "{D3553708-DD39-44C3-8FE3-10524E3FE5BE}"
EndProject
Project("{8BC9CEB8-8B4A-11D0-8D11-00A0C91BC942}") = "no2630", "no2630\no2630.vcxproj", "{CAEA4B2B-C73E-49F8-A004-8DF870245296}"
EndProject
Project("{8BC9CEB8-8B4A-11D0-8D11-00A0C91BC942}") = "no2775", "no2775\no2775.vcxproj", "{D0DD7D5C-2DA3-4748-AF4F-21F07AAD4781}"
EndProject
Project("{8BC9CEB8-8B4A-11D0-8D11-00A0C91BC942}") = "no18870", "no18870\no18870.vcxproj", "{10D70699-77B2-44C5-905B-3BC8DBA02704}"
EndProject
Project("{8BC9CEB8-8B4A-11D0-8D11-00A0C91BC942}") = "no7576", "no7576\no7576.vcxproj", "{96550D58-7924-4B37-96A1-B16EBD0DB07D}"
EndProject
Project("{8BC9CEB8-8B4A-11D0-8D11-00A0C91BC942}") = "no7568", "no7568\no7568.vcxproj", "{0632139B-91D7-41EA-AA63-42C53C22141D}"
EndProject
Project("{8BC9CEB8-8B4A-11D0-8D11-00A0C91BC942}") = "no1676", "no1676\no1676.vcxproj", "{9895CE86-A0F8-4277-BE7D-EFAFB00D1FE1}"
EndProject
Project("{8BC9CEB8-8B4A-11D0-8D11-00A0C91BC942}") = "no1697", "no1697\no1697.vcxproj", "{086240C5-4419-4B08-8CAA-43B7F9DD3CF8}"
EndProject
Project("{8BC9CEB8-8B4A-11D0-8D11-00A0C91BC942}") = "no2805", "no2805\no2805.vcxproj", "{5D297ED0-57D0-44AF-BFE4-2B415DBE7126}"
EndProject
Project("{8BC9CEB8-8B4A-11D0-8D11-00A0C91BC942}") = "no14940", "no14940\no14940.vcxproj", "{B71C782E-B4D2-4801-8C74-4EBF89C29BEE}"
EndProject
Project("{8BC9CEB8-8B4A-11D0-8D11-00A0C91BC942}") = "no15829", "no15829\no15829.vcxproj", "{C4E642A3-C445-4D6B-B2AD-89385A675BFB}"
EndProject
Global
	GlobalSection(SolutionConfigurationPlatforms) = preSolution
		Debug|x64 = Debug|x64
		Debug|x86 = Debug|x86
		Release|x64 = Release|x64
		Release|x86 = Release|x86
	EndGlobalSection
	GlobalSection(ProjectConfigurationPlatforms) = postSolution
		{206A3A3F-54F2-4BD3-9908-8FBC8E6D2CF4}.Debug|x64.ActiveCfg = Debug|x64
		{206A3A3F-54F2-4BD3-9908-8FBC8E6D2CF4}.Debug|x64.Build.0 = Debug|x64
		{206A3A3F-54F2-4BD3-9908-8FBC8E6D2CF4}.Debug|x86.ActiveCfg = Debug|Win32
		{206A3A3F-54F2-4BD3-9908-8FBC8E6D2CF4}.Debug|x86.Build.0 = Debug|Win32
		{206A3A3F-54F2-4BD3-9908-8FBC8E6D2CF4}.Release|x64.ActiveCfg = Release|x64
		{206A3A3F-54F2-4BD3-9908-8FBC8E6D2CF4}.Release|x64.Build.0 = Release|x64
		{206A3A3F-54F2-4BD3-9908-8FBC8E6D2CF4}.Release|x86.ActiveCfg = Release|Win32
		{206A3A3F-54F2-4BD3-9908-8FBC8E6D2CF4}.Release|x86.Build.0 = Release|Win32
		{D5A380EC-BDA4-4B3C-8E5D-E58DB62D6956}.Debug|x64.ActiveCfg = Debug|x64
		{D5A380EC-BDA4-4B3C-8E5D-E58DB62D6956}.Debug|x64.Build.0 = Debug|x64
		{D5A380EC-BDA4-4B3C-8E5D-E58DB62D6956}.Debug|x86.ActiveCfg = Debug|Win32
		{D5A380EC-BDA4-4B3C-8E5D-E58DB62D6956}.Debug|x86.Build.0 = Debug|Win32
		{D5A380EC-BDA4-4B3C-8E5D-E58DB62D6956}.Release|x64.ActiveCfg = Release|x64
		{D5A380EC-BDA4-4B3C-8E5D-E58DB62D6956}.Release|x64.Build.0 = Release|x64
		{D5A380EC-BDA4-4B3C-8E5D-E58DB62D6956}.Release|x86.ActiveCfg = Release|Win32
		{D5A380EC-BDA4-4B3C-8E5D-E58DB62D6956}.Release|x86.Build.0 = Release|Win32
		{97EED735-3D5D-4872-93A8-A01EBECC854E}.Debug|x64.ActiveCfg = Debug|x64
		{97EED735-3D5D-4872-93A8-A01EBECC854E}.Debug|x64.Build.0 = Debug|x64
		{97EED735-3D5D-4872-93A8-A01EBECC854E}.Debug|x86.ActiveCfg = Debug|Win32
		{97EED735-3D5D-4872-93A8-A01EBECC854E}.Debug|x86.Build.0 = Debug|Win32
		{97EED735-3D5D-4872-93A8-A01EBECC854E}.Release|x64.ActiveCfg = Release|x64
		{97EED735-3D5D-4872-93A8-A01EBECC854E}.Release|x64.Build.0 = Release|x64
		{97EED735-3D5D-4872-93A8-A01EBECC854E}.Release|x86.ActiveCfg = Release|Win32
		{97EED735-3D5D-4872-93A8-A01EBECC854E}.Release|x86.Build.0 = Release|Win32
		{C5F85E8F-E783-48C2-AF32-7ED5B6AC4C3B}.Debug|x64.ActiveCfg = Debug|x64
		{C5F85E8F-E783-48C2-AF32-7ED5B6AC4C3B}.Debug|x64.Build.0 = Debug|x64
		{C5F85E8F-E783-48C2-AF32-7ED5B6AC4C3B}.Debug|x86.ActiveCfg = Debug|Win32
		{C5F85E8F-E783-48C2-AF32-7ED5B6AC4C3B}.Debug|x86.Build.0 = Debug|Win32
		{C5F85E8F-E783-48C2-AF32-7ED5B6AC4C3B}.Release|x64.ActiveCfg = Release|x64
		{C5F85E8F-E783-48C2-AF32-7ED5B6AC4C3B}.Release|x64.Build.0 = Release|x64
		{C5F85E8F-E783-48C2-AF32-7ED5B6AC4C3B}.Release|x86.ActiveCfg = Release|Win32
		{C5F85E8F-E783-48C2-AF32-7ED5B6AC4C3B}.Release|x86.Build.0 = Release|Win32
		{4132D984-8961-4E27-8E7D-BAF9A11BA3C3}.Debug|x64.ActiveCfg = Debug|x64
		{4132D984-8961-4E27-8E7D-BAF9A11BA3C3}.Debug|x64.Build.0 = Debug|x64
		{4132D984-8961-4E27-8E7D-BAF9A11BA3C3}.Debug|x86.ActiveCfg = Debug|Win32
		{4132D984-8961-4E27-8E7D-BAF9A11BA3C3}.Debug|x86.Build.0 = Debug|Win32
		{4132D984-8961-4E27-8E7D-BAF9A11BA3C3}.Release|x64.ActiveCfg = Release|x64
		{4132D984-8961-4E27-8E7D-BAF9A11BA3C3}.Release|x64.Build.0 = Release|x64
		{4132D984-8961-4E27-8E7D-BAF9A11BA3C3}.Release|x86.ActiveCfg = Release|Win32
		{4132D984-8961-4E27-8E7D-BAF9A11BA3C3}.Release|x86.Build.0 = Release|Win32
		{9EEE3DEF-DE79-4675-BE3B-9D7E7E40A5E1}.Debug|x64.ActiveCfg = Debug|x64
		{9EEE3DEF-DE79-4675-BE3B-9D7E7E40A5E1}.Debug|x64.Build.0 = Debug|x64
		{9EEE3DEF-DE79-4675-BE3B-9D7E7E40A5E1}.Debug|x86.ActiveCfg = Debug|Win32
		{9EEE3DEF-DE79-4675-BE3B-9D7E7E40A5E1}.Debug|x86.Build.0 = Debug|Win32
		{9EEE3DEF-DE79-4675-BE3B-9D7E7E40A5E1}.Release|x64.ActiveCfg = Release|x64
		{9EEE3DEF-DE79-4675-BE3B-9D7E7E40A5E1}.Release|x64.Build.0 = Release|x64
		{9EEE3DEF-DE79-4675-BE3B-9D7E7E40A5E1}.Release|x86.ActiveCfg = Release|Win32
		{9EEE3DEF-DE79-4675-BE3B-9D7E7E40A5E1}.Release|x86.Build.0 = Release|Win32
		{D0732B2C-28E0-436A-B9FF-A4F0A6956904}.Debug|x64.ActiveCfg = Debug|x64
		{D0732B2C-28E0-436A-B9FF-A4F0A6956904}.Debug|x64.Build.0 = Debug|x64
		{D0732B2C-28E0-436A-B9FF-A4F0A6956904}.Debug|x86.ActiveCfg = Debug|Win32
		{D0732B2C-28E0-436A-B9FF-A4F0A6956904}.Debug|x86.Build.0 = Debug|Win32
		{D0732B2C-28E0-436A-B9FF-A4F0A6956904}.Release|x64.ActiveCfg = Release|x64
		{D0732B2C-28E0-436A-B9FF-A4F0A6956904}.Release|x64.Build.0 = Release|x64
		{D0732B2C-28E0-436A-B9FF-A4F0A6956904}.Release|x86.ActiveCfg = Release|Win32
		{D0732B2C-28E0-436A-B9FF-A4F0A6956904}.Release|x86.Build.0 = Release|Win32
		{4A2EC907-83E6-4339-879E-586D831C1337}.Debug|x64.ActiveCfg = Debug|x64
		{4A2EC907-83E6-4339-879E-586D831C1337}.Debug|x64.Build.0 = Debug|x64
		{4A2EC907-83E6-4339-879E-586D831C1337}.Debug|x86.ActiveCfg = Debug|Win32
		{4A2EC907-83E6-4339-879E-586D831C1337}.Debug|x86.Build.0 = Debug|Win32
		{4A2EC907-83E6-4339-879E-586D831C1337}.Release|x64.ActiveCfg = Release|x64
		{4A2EC907-83E6-4339-879E-586D831C1337}.Release|x64.Build.0 = Release|x64
		{4A2EC907-83E6-4339-879E-586D831C1337}.Release|x86.ActiveCfg = Release|Win32
		{4A2EC907-83E6-4339-879E-586D831C1337}.Release|x86.Build.0 = Release|Win32
		{E350AF75-93F6-4E09-96A8-782023C6520A}.Debug|x64.ActiveCfg = Debug|x64
		{E350AF75-93F6-4E09-96A8-782023C6520A}.Debug|x64.Build.0 = Debug|x64
		{E350AF75-93F6-4E09-96A8-782023C6520A}.Debug|x86.ActiveCfg = Debug|Win32
		{E350AF75-93F6-4E09-96A8-782023C6520A}.Debug|x86.Build.0 = Debug|Win32
		{E350AF75-93F6-4E09-96A8-782023C6520A}.Release|x64.ActiveCfg = Release|x64
		{E350AF75-93F6-4E09-96A8-782023C6520A}.Release|x64.Build.0 = Release|x64
		{E350AF75-93F6-4E09-96A8-782023C6520A}.Release|x86.ActiveCfg = Release|Win32
		{E350AF75-93F6-4E09-96A8-782023C6520A}.Release|x86.Build.0 = Release|Win32
		{62CD4D0A-E4B5-4EA0-B955-B396E22B8807}.Debug|x64.ActiveCfg = Debug|x64
		{62CD4D0A-E4B5-4EA0-B955-B396E22B8807}.Debug|x64.Build.0 = Debug|x64
		{62CD4D0A-E4B5-4EA0-B955-B396E22B8807}.Debug|x86.ActiveCfg = Debug|Win32
		{62CD4D0A-E4B5-4EA0-B955-B396E22B8807}.Debug|x86.Build.0 = Debug|Win32
		{62CD4D0A-E4B5-4EA0-B955-B396E22B8807}.Release|x64.ActiveCfg = Release|x64
		{62CD4D0A-E4B5-4EA0-B955-B396E22B8807}.Release|x64.Build.0 = Release|x64
		{62CD4D0A-E4B5-4EA0-B955-B396E22B8807}.Release|x86.ActiveCfg = Release|Win32
		{62CD4D0A-E4B5-4EA0-B955-B396E22B8807}.Release|x86.Build.0 = Release|Win32
		{52587090-A0E1-46B3-BA90-053CFA485DA6}.Debug|x64.ActiveCfg = Debug|x64
		{52587090-A0E1-46B3-BA90-053CFA485DA6}.Debug|x64.Build.0 = Debug|x64
		{52587090-A0E1-46B3-BA90-053CFA485DA6}.Debug|x86.ActiveCfg = Debug|Win32
		{52587090-A0E1-46B3-BA90-053CFA485DA6}.Debug|x86.Build.0 = Debug|Win32
		{52587090-A0E1-46B3-BA90-053CFA485DA6}.Release|x64.ActiveCfg = Release|x64
		{52587090-A0E1-46B3-BA90-053CFA485DA6}.Release|x64.Build.0 = Release|x64
		{52587090-A0E1-46B3-BA90-053CFA485DA6}.Release|x86.ActiveCfg = Release|Win32
		{52587090-A0E1-46B3-BA90-053CFA485DA6}.Release|x86.Build.0 = Release|Win32
		{D0D4DF55-7256-4DA9-868C-DC21987C7F7E}.Debug|x64.ActiveCfg = Debug|x64
		{D0D4DF55-7256-4DA9-868C-DC21987C7F7E}.Debug|x64.Build.0 = Debug|x64
		{D0D4DF55-7256-4DA9-868C-DC21987C7F7E}.Debug|x86.ActiveCfg = Debug|Win32
		{D0D4DF55-7256-4DA9-868C-DC21987C7F7E}.Debug|x86.Build.0 = Debug|Win32
		{D0D4DF55-7256-4DA9-868C-DC21987C7F7E}.Release|x64.ActiveCfg = Release|x64
		{D0D4DF55-7256-4DA9-868C-DC21987C7F7E}.Release|x64.Build.0 = Release|x64
		{D0D4DF55-7256-4DA9-868C-DC21987C7F7E}.Release|x86.ActiveCfg = Release|Win32
		{D0D4DF55-7256-4DA9-868C-DC21987C7F7E}.Release|x86.Build.0 = Release|Win32
		{62EA2626-D258-4E1A-B70A-B999364D576D}.Debug|x64.ActiveCfg = Debug|x64
		{62EA2626-D258-4E1A-B70A-B999364D576D}.Debug|x64.Build.0 = Debug|x64
		{62EA2626-D258-4E1A-B70A-B999364D576D}.Debug|x86.ActiveCfg = Debug|Win32
		{62EA2626-D258-4E1A-B70A-B999364D576D}.Debug|x86.Build.0 = Debug|Win32
		{62EA2626-D258-4E1A-B70A-B999364D576D}.Release|x64.ActiveCfg = Release|x64
		{62EA2626-D258-4E1A-B70A-B999364D576D}.Release|x64.Build.0 = Release|x64
		{62EA2626-D258-4E1A-B70A-B999364D576D}.Release|x86.ActiveCfg = Release|Win32
		{62EA2626-D258-4E1A-B70A-B999364D576D}.Release|x86.Build.0 = Release|Win32
		{4E894804-E952-44DC-9AF3-0D49B21DD572}.Debug|x64.ActiveCfg = Debug|x64
		{4E894804-E952-44DC-9AF3-0D49B21DD572}.Debug|x64.Build.0 = Debug|x64
		{4E894804-E952-44DC-9AF3-0D49B21DD572}.Debug|x86.ActiveCfg = Debug|Win32
		{4E894804-E952-44DC-9AF3-0D49B21DD572}.Debug|x86.Build.0 = Debug|Win32
		{4E894804-E952-44DC-9AF3-0D49B21DD572}.Release|x64.ActiveCfg = Release|x64
		{4E894804-E952-44DC-9AF3-0D49B21DD572}.Release|x64.Build.0 = Release|x64
		{4E894804-E952-44DC-9AF3-0D49B21DD572}.Release|x86.ActiveCfg = Release|Win32
		{4E894804-E952-44DC-9AF3-0D49B21DD572}.Release|x86.Build.0 = Release|Win32
		{3B6A00B8-8C2B-4090-B8E7-34B606E2B758}.Debug|x64.ActiveCfg = Debug|x64
		{3B6A00B8-8C2B-4090-B8E7-34B606E2B758}.Debug|x64.Build.0 = Debug|x64
		{3B6A00B8-8C2B-4090-B8E7-34B606E2B758}.Debug|x86.ActiveCfg = Debug|Win32
		{3B6A00B8-8C2B-4090-B8E7-34B606E2B758}.Debug|x86.Build.0 = Debug|Win32
		{3B6A00B8-8C2B-4090-B8E7-34B606E2B758}.Release|x64.ActiveCfg = Release|x64
		{3B6A00B8-8C2B-4090-B8E7-34B606E2B758}.Release|x64.Build.0 = Release|x64
		{3B6A00B8-8C2B-4090-B8E7-34B606E2B758}.Release|x86.ActiveCfg = Release|Win32
		{3B6A00B8-8C2B-4090-B8E7-34B606E2B758}.Release|x86.Build.0 = Release|Win32
		{CFD35D42-BEF1-4074-A31F-D993D4D998E2}.Debug|x64.ActiveCfg = Debug|x64
		{CFD35D42-BEF1-4074-A31F-D993D4D998E2}.Debug|x64.Build.0 = Debug|x64
		{CFD35D42-BEF1-4074-A31F-D993D4D998E2}.Debug|x86.ActiveCfg = Debug|Win32
		{CFD35D42-BEF1-4074-A31F-D993D4D998E2}.Debug|x86.Build.0 = Debug|Win32
		{CFD35D42-BEF1-4074-A31F-D993D4D998E2}.Release|x64.ActiveCfg = Release|x64
		{CFD35D42-BEF1-4074-A31F-D993D4D998E2}.Release|x64.Build.0 = Release|x64
		{CFD35D42-BEF1-4074-A31F-D993D4D998E2}.Release|x86.ActiveCfg = Release|Win32
		{CFD35D42-BEF1-4074-A31F-D993D4D998E2}.Release|x86.Build.0 = Release|Win32
		{5E7F7935-EB24-4304-B715-8765ADF66EDF}.Debug|x64.ActiveCfg = Debug|x64
		{5E7F7935-EB24-4304-B715-8765ADF66EDF}.Debug|x64.Build.0 = Debug|x64
		{5E7F7935-EB24-4304-B715-8765ADF66EDF}.Debug|x86.ActiveCfg = Debug|Win32
		{5E7F7935-EB24-4304-B715-8765ADF66EDF}.Debug|x86.Build.0 = Debug|Win32
		{5E7F7935-EB24-4304-B715-8765ADF66EDF}.Release|x64.ActiveCfg = Release|x64
		{5E7F7935-EB24-4304-B715-8765ADF66EDF}.Release|x64.Build.0 = Release|x64
		{5E7F7935-EB24-4304-B715-8765ADF66EDF}.Release|x86.ActiveCfg = Release|Win32
		{5E7F7935-EB24-4304-B715-8765ADF66EDF}.Release|x86.Build.0 = Release|Win32
		{EF3A6EC0-87E5-4D81-9F3C-BAE7687B8A44}.Debug|x64.ActiveCfg = Debug|x64
		{EF3A6EC0-87E5-4D81-9F3C-BAE7687B8A44}.Debug|x64.Build.0 = Debug|x64
		{EF3A6EC0-87E5-4D81-9F3C-BAE7687B8A44}.Debug|x86.ActiveCfg = Debug|Win32
		{EF3A6EC0-87E5-4D81-9F3C-BAE7687B8A44}.Debug|x86.Build.0 = Debug|Win32
		{EF3A6EC0-87E5-4D81-9F3C-BAE7687B8A44}.Release|x64.ActiveCfg = Release|x64
		{EF3A6EC0-87E5-4D81-9F3C-BAE7687B8A44}.Release|x64.Build.0 = Release|x64
		{EF3A6EC0-87E5-4D81-9F3C-BAE7687B8A44}.Release|x86.ActiveCfg = Release|Win32
		{EF3A6EC0-87E5-4D81-9F3C-BAE7687B8A44}.Release|x86.Build.0 = Release|Win32
		{E2D46E2E-F49C-4831-9E82-A6222CA089DC}.Debug|x64.ActiveCfg = Debug|x64
		{E2D46E2E-F49C-4831-9E82-A6222CA089DC}.Debug|x64.Build.0 = Debug|x64
		{E2D46E2E-F49C-4831-9E82-A6222CA089DC}.Debug|x86.ActiveCfg = Debug|Win32
		{E2D46E2E-F49C-4831-9E82-A6222CA089DC}.Debug|x86.Build.0 = Debug|Win32
		{E2D46E2E-F49C-4831-9E82-A6222CA089DC}.Release|x64.ActiveCfg = Release|x64
		{E2D46E2E-F49C-4831-9E82-A6222CA089DC}.Release|x64.Build.0 = Release|x64
		{E2D46E2E-F49C-4831-9E82-A6222CA089DC}.Release|x86.ActiveCfg = Release|Win32
		{E2D46E2E-F49C-4831-9E82-A6222CA089DC}.Release|x86.Build.0 = Release|Win32
		{379AEAAC-2855-433F-B272-E1ADF3718041}.Debug|x64.ActiveCfg = Debug|x64
		{379AEAAC-2855-433F-B272-E1ADF3718041}.Debug|x64.Build.0 = Debug|x64
		{379AEAAC-2855-433F-B272-E1ADF3718041}.Debug|x86.ActiveCfg = Debug|Win32
		{379AEAAC-2855-433F-B272-E1ADF3718041}.Debug|x86.Build.0 = Debug|Win32
		{379AEAAC-2855-433F-B272-E1ADF3718041}.Release|x64.ActiveCfg = Release|x64
		{379AEAAC-2855-433F-B272-E1ADF3718041}.Release|x64.Build.0 = Release|x64
		{379AEAAC-2855-433F-B272-E1ADF3718041}.Release|x86.ActiveCfg = Release|Win32
		{379AEAAC-2855-433F-B272-E1ADF3718041}.Release|x86.Build.0 = Release|Win32
		{76D8752E-EE26-4253-8A51-7B232013C924}.Debug|x64.ActiveCfg = Debug|x64
		{76D8752E-EE26-4253-8A51-7B232013C924}.Debug|x64.Build.0 = Debug|x64
		{76D8752E-EE26-4253-8A51-7B232013C924}.Debug|x86.ActiveCfg = Debug|Win32
		{76D8752E-EE26-4253-8A51-7B232013C924}.Debug|x86.Build.0 = Debug|Win32
		{76D8752E-EE26-4253-8A51-7B232013C924}.Release|x64.ActiveCfg = Release|x64
		{76D8752E-EE26-4253-8A51-7B232013C924}.Release|x64.Build.0 = Release|x64
		{76D8752E-EE26-4253-8A51-7B232013C924}.Release|x86.ActiveCfg = Release|Win32
		{76D8752E-EE26-4253-8A51-7B232013C924}.Release|x86.Build.0 = Release|Win32
		{A82E361C-CBEB-4566-8B1A-377B634DB70A}.Debug|x64.ActiveCfg = Debug|x64
		{A82E361C-CBEB-4566-8B1A-377B634DB70A}.Debug|x64.Build.0 = Debug|x64
		{A82E361C-CBEB-4566-8B1A-377B634DB70A}.Debug|x86.ActiveCfg = Debug|Win32
		{A82E361C-CBEB-4566-8B1A-377B634DB70A}.Debug|x86.Build.0 = Debug|Win32
		{A82E361C-CBEB-4566-8B1A-377B634DB70A}.Release|x64.ActiveCfg = Release|x64
		{A82E361C-CBEB-4566-8B1A-377B634DB70A}.Release|x64.Build.0 = Release|x64
		{A82E361C-CBEB-4566-8B1A-377B634DB70A}.Release|x86.ActiveCfg = Release|Win32
		{A82E361C-CBEB-4566-8B1A-377B634DB70A}.Release|x86.Build.0 = Release|Win32
		{FAE7CA07-0858-419F-8038-BF715685BA00}.Debug|x64.ActiveCfg = Debug|x64
		{FAE7CA07-0858-419F-8038-BF715685BA00}.Debug|x64.Build.0 = Debug|x64
		{FAE7CA07-0858-419F-8038-BF715685BA00}.Debug|x86.ActiveCfg = Debug|Win32
		{FAE7CA07-0858-419F-8038-BF715685BA00}.Debug|x86.Build.0 = Debug|Win32
		{FAE7CA07-0858-419F-8038-BF715685BA00}.Release|x64.ActiveCfg = Release|x64
		{FAE7CA07-0858-419F-8038-BF715685BA00}.Release|x64.Build.0 = Release|x64
		{FAE7CA07-0858-419F-8038-BF715685BA00}.Release|x86.ActiveCfg = Release|Win32
		{FAE7CA07-0858-419F-8038-BF715685BA00}.Release|x86.Build.0 = Release|Win32
		{2E65A188-19D1-4EEC-97CF-45007516F293}.Debug|x64.ActiveCfg = Debug|x64
		{2E65A188-19D1-4EEC-97CF-45007516F293}.Debug|x64.Build.0 = Debug|x64
		{2E65A188-19D1-4EEC-97CF-45007516F293}.Debug|x86.ActiveCfg = Debug|Win32
		{2E65A188-19D1-4EEC-97CF-45007516F293}.Debug|x86.Build.0 = Debug|Win32
		{2E65A188-19D1-4EEC-97CF-45007516F293}.Release|x64.ActiveCfg = Release|x64
		{2E65A188-19D1-4EEC-97CF-45007516F293}.Release|x64.Build.0 = Release|x64
		{2E65A188-19D1-4EEC-97CF-45007516F293}.Release|x86.ActiveCfg = Release|Win32
		{2E65A188-19D1-4EEC-97CF-45007516F293}.Release|x86.Build.0 = Release|Win32
		{EA082348-B79E-4127-8624-101B6B044820}.Debug|x64.ActiveCfg = Debug|x64
		{EA082348-B79E-4127-8624-101B6B044820}.Debug|x64.Build.0 = Debug|x64
		{EA082348-B79E-4127-8624-101B6B044820}.Debug|x86.ActiveCfg = Debug|Win32
		{EA082348-B79E-4127-8624-101B6B044820}.Debug|x86.Build.0 = Debug|Win32
		{EA082348-B79E-4127-8624-101B6B044820}.Release|x64.ActiveCfg = Release|x64
		{EA082348-B79E-4127-8624-101B6B044820}.Release|x64.Build.0 = Release|x64
		{EA082348-B79E-4127-8624-101B6B044820}.Release|x86.ActiveCfg = Release|Win32
		{EA082348-B79E-4127-8624-101B6B044820}.Release|x86.Build.0 = Release|Win32
		{136E4E78-9F63-4823-810C-8F70C60F7CFB}.Debug|x64.ActiveCfg = Debug|x64
		{136E4E78-9F63-4823-810C-8F70C60F7CFB}.Debug|x64.Build.0 = Debug|x64
		{136E4E78-9F63-4823-810C-8F70C60F7CFB}.Debug|x86.ActiveCfg = Debug|Win32
		{136E4E78-9F63-4823-810C-8F70C60F7CFB}.Debug|x86.Build.0 = Debug|Win32
		{136E4E78-9F63-4823-810C-8F70C60F7CFB}.Release|x64.ActiveCfg = Release|x64
		{136E4E78-9F63-4823-810C-8F70C60F7CFB}.Release|x64.Build.0 = Release|x64
		{136E4E78-9F63-4823-810C-8F70C60F7CFB}.Release|x86.ActiveCfg = Release|Win32
		{136E4E78-9F63-4823-810C-8F70C60F7CFB}.Release|x86.Build.0 = Release|Win32
		{9B3F5465-DF25-4F04-9E83-C0B07C19D015}.Debug|x64.ActiveCfg = Debug|x64
		{9B3F5465-DF25-4F04-9E83-C0B07C19D015}.Debug|x64.Build.0 = Debug|x64
		{9B3F5465-DF25-4F04-9E83-C0B07C19D015}.Debug|x86.ActiveCfg = Debug|Win32
		{9B3F5465-DF25-4F04-9E83-C0B07C19D015}.Debug|x86.Build.0 = Debug|Win32
		{9B3F5465-DF25-4F04-9E83-C0B07C19D015}.Release|x64.ActiveCfg = Release|x64
		{9B3F5465-DF25-4F04-9E83-C0B07C19D015}.Release|x64.Build.0 = Release|x64
		{9B3F5465-DF25-4F04-9E83-C0B07C19D015}.Release|x86.ActiveCfg = Release|Win32
		{9B3F5465-DF25-4F04-9E83-C0B07C19D015}.Release|x86.Build.0 = Release|Win32
		{5AA83EB0-478A-4113-B0E4-1C2E116208C9}.Debug|x64.ActiveCfg = Debug|x64
		{5AA83EB0-478A-4113-B0E4-1C2E116208C9}.Debug|x64.Build.0 = Debug|x64
		{5AA83EB0-478A-4113-B0E4-1C2E116208C9}.Debug|x86.ActiveCfg = Debug|Win32
		{5AA83EB0-478A-4113-B0E4-1C2E116208C9}.Debug|x86.Build.0 = Debug|Win32
		{5AA83EB0-478A-4113-B0E4-1C2E116208C9}.Release|x64.ActiveCfg = Release|x64
		{5AA83EB0-478A-4113-B0E4-1C2E116208C9}.Release|x64.Build.0 = Release|x64
		{5AA83EB0-478A-4113-B0E4-1C2E116208C9}.Release|x86.ActiveCfg = Release|Win32
		{5AA83EB0-478A-4113-B0E4-1C2E116208C9}.Release|x86.Build.0 = Release|Win32
		{41B1C183-5390-4A24-9CE4-3FFA59223D7A}.Debug|x64.ActiveCfg = Debug|x64
		{41B1C183-5390-4A24-9CE4-3FFA59223D7A}.Debug|x64.Build.0 = Debug|x64
		{41B1C183-5390-4A24-9CE4-3FFA59223D7A}.Debug|x86.ActiveCfg = Debug|Win32
		{41B1C183-5390-4A24-9CE4-3FFA59223D7A}.Debug|x86.Build.0 = Debug|Win32
		{41B1C183-5390-4A24-9CE4-3FFA59223D7A}.Release|x64.ActiveCfg = Release|x64
		{41B1C183-5390-4A24-9CE4-3FFA59223D7A}.Release|x64.Build.0 = Release|x64
		{41B1C183-5390-4A24-9CE4-3FFA59223D7A}.Release|x86.ActiveCfg = Release|Win32
		{41B1C183-5390-4A24-9CE4-3FFA59223D7A}.Release|x86.Build.0 = Release|Win32
		{BD0B6F82-C27C-4B18-BDFC-2147716D7845}.Debug|x64.ActiveCfg = Debug|x64
		{BD0B6F82-C27C-4B18-BDFC-2147716D7845}.Debug|x64.Build.0 = Debug|x64
		{BD0B6F82-C27C-4B18-BDFC-2147716D7845}.Debug|x86.ActiveCfg = Debug|Win32
		{BD0B6F82-C27C-4B18-BDFC-2147716D7845}.Debug|x86.Build.0 = Debug|Win32
		{BD0B6F82-C27C-4B18-BDFC-2147716D7845}.Release|x64.ActiveCfg = Release|x64
		{BD0B6F82-C27C-4B18-BDFC-2147716D7845}.Release|x64.Build.0 = Release|x64
		{BD0B6F82-C27C-4B18-BDFC-2147716D7845}.Release|x86.ActiveCfg = Release|Win32
		{BD0B6F82-C27C-4B18-BDFC-2147716D7845}.Release|x86.Build.0 = Release|Win32
		{2AA5ED8B-9BCB-479B-99B9-561BC9C28DED}.Debug|x64.ActiveCfg = Debug|x64
		{2AA5ED8B-9BCB-479B-99B9-561BC9C28DED}.Debug|x64.Build.0 = Debug|x64
		{2AA5ED8B-9BCB-479B-99B9-561BC9C28DED}.Debug|x86.ActiveCfg = Debug|Win32
		{2AA5ED8B-9BCB-479B-99B9-561BC9C28DED}.Debug|x86.Build.0 = Debug|Win32
		{2AA5ED8B-9BCB-479B-99B9-561BC9C28DED}.Release|x64.ActiveCfg = Release|x64
		{2AA5ED8B-9BCB-479B-99B9-561BC9C28DED}.Release|x64.Build.0 = Release|x64
		{2AA5ED8B-9BCB-479B-99B9-561BC9C28DED}.Release|x86.ActiveCfg = Release|Win32
		{2AA5ED8B-9BCB-479B-99B9-561BC9C28DED}.Release|x86.Build.0 = Release|Win32
		{7F25E360-71EA-4A0C-841A-D7FE1A1FE2D0}.Debug|x64.ActiveCfg = Debug|x64
		{7F25E360-71EA-4A0C-841A-D7FE1A1FE2D0}.Debug|x64.Build.0 = Debug|x64
		{7F25E360-71EA-4A0C-841A-D7FE1A1FE2D0}.Debug|x86.ActiveCfg = Debug|Win32
		{7F25E360-71EA-4A0C-841A-D7FE1A1FE2D0}.Debug|x86.Build.0 = Debug|Win32
		{7F25E360-71EA-4A0C-841A-D7FE1A1FE2D0}.Release|x64.ActiveCfg = Release|x64
		{7F25E360-71EA-4A0C-841A-D7FE1A1FE2D0}.Release|x64.Build.0 = Release|x64
		{7F25E360-71EA-4A0C-841A-D7FE1A1FE2D0}.Release|x86.ActiveCfg = Release|Win32
		{7F25E360-71EA-4A0C-841A-D7FE1A1FE2D0}.Release|x86.Build.0 = Release|Win32
		{80975A97-7831-41DB-8275-C7845097C46F}.Debug|x64.ActiveCfg = Debug|x64
		{80975A97-7831-41DB-8275-C7845097C46F}.Debug|x64.Build.0 = Debug|x64
		{80975A97-7831-41DB-8275-C7845097C46F}.Debug|x86.ActiveCfg = Debug|Win32
		{80975A97-7831-41DB-8275-C7845097C46F}.Debug|x86.Build.0 = Debug|Win32
		{80975A97-7831-41DB-8275-C7845097C46F}.Release|x64.ActiveCfg = Release|x64
		{80975A97-7831-41DB-8275-C7845097C46F}.Release|x64.Build.0 = Release|x64
		{80975A97-7831-41DB-8275-C7845097C46F}.Release|x86.ActiveCfg = Release|Win32
		{80975A97-7831-41DB-8275-C7845097C46F}.Release|x86.Build.0 = Release|Win32
		{02DC6E44-74C4-47F0-8994-A0392ED0A61D}.Debug|x64.ActiveCfg = Debug|x64
		{02DC6E44-74C4-47F0-8994-A0392ED0A61D}.Debug|x64.Build.0 = Debug|x64
		{02DC6E44-74C4-47F0-8994-A0392ED0A61D}.Debug|x86.ActiveCfg = Debug|Win32
		{02DC6E44-74C4-47F0-8994-A0392ED0A61D}.Debug|x86.Build.0 = Debug|Win32
		{02DC6E44-74C4-47F0-8994-A0392ED0A61D}.Release|x64.ActiveCfg = Release|x64
		{02DC6E44-74C4-47F0-8994-A0392ED0A61D}.Release|x64.Build.0 = Release|x64
		{02DC6E44-74C4-47F0-8994-A0392ED0A61D}.Release|x86.ActiveCfg = Release|Win32
		{02DC6E44-74C4-47F0-8994-A0392ED0A61D}.Release|x86.Build.0 = Release|Win32
		{6C8F98D0-DD78-4F09-88E4-449AB67D0E2E}.Debug|x64.ActiveCfg = Debug|x64
		{6C8F98D0-DD78-4F09-88E4-449AB67D0E2E}.Debug|x64.Build.0 = Debug|x64
		{6C8F98D0-DD78-4F09-88E4-449AB67D0E2E}.Debug|x86.ActiveCfg = Debug|Win32
		{6C8F98D0-DD78-4F09-88E4-449AB67D0E2E}.Debug|x86.Build.0 = Debug|Win32
		{6C8F98D0-DD78-4F09-88E4-449AB67D0E2E}.Release|x64.ActiveCfg = Release|x64
		{6C8F98D0-DD78-4F09-88E4-449AB67D0E2E}.Release|x64.Build.0 = Release|x64
		{6C8F98D0-DD78-4F09-88E4-449AB67D0E2E}.Release|x86.ActiveCfg = Release|Win32
		{6C8F98D0-DD78-4F09-88E4-449AB67D0E2E}.Release|x86.Build.0 = Release|Win32
		{628B31F8-FE17-4F90-811F-2194DA7E43E5}.Debug|x64.ActiveCfg = Debug|x64
		{628B31F8-FE17-4F90-811F-2194DA7E43E5}.Debug|x64.Build.0 = Debug|x64
		{628B31F8-FE17-4F90-811F-2194DA7E43E5}.Debug|x86.ActiveCfg = Debug|Win32
		{628B31F8-FE17-4F90-811F-2194DA7E43E5}.Debug|x86.Build.0 = Debug|Win32
		{628B31F8-FE17-4F90-811F-2194DA7E43E5}.Release|x64.ActiveCfg = Release|x64
		{628B31F8-FE17-4F90-811F-2194DA7E43E5}.Release|x64.Build.0 = Release|x64
		{628B31F8-FE17-4F90-811F-2194DA7E43E5}.Release|x86.ActiveCfg = Release|Win32
		{628B31F8-FE17-4F90-811F-2194DA7E43E5}.Release|x86.Build.0 = Release|Win32
		{24353241-6F3E-4963-AB56-FE6AA574B8D0}.Debug|x64.ActiveCfg = Debug|x64
		{24353241-6F3E-4963-AB56-FE6AA574B8D0}.Debug|x64.Build.0 = Debug|x64
		{24353241-6F3E-4963-AB56-FE6AA574B8D0}.Debug|x86.ActiveCfg = Debug|Win32
		{24353241-6F3E-4963-AB56-FE6AA574B8D0}.Debug|x86.Build.0 = Debug|Win32
		{24353241-6F3E-4963-AB56-FE6AA574B8D0}.Release|x64.ActiveCfg = Release|x64
		{24353241-6F3E-4963-AB56-FE6AA574B8D0}.Release|x64.Build.0 = Release|x64
		{24353241-6F3E-4963-AB56-FE6AA574B8D0}.Release|x86.ActiveCfg = Release|Win32
		{24353241-6F3E-4963-AB56-FE6AA574B8D0}.Release|x86.Build.0 = Release|Win32
		{B5D5F778-25EA-4CAA-9D15-F78440825578}.Debug|x64.ActiveCfg = Debug|x64
		{B5D5F778-25EA-4CAA-9D15-F78440825578}.Debug|x64.Build.0 = Debug|x64
		{B5D5F778-25EA-4CAA-9D15-F78440825578}.Debug|x86.ActiveCfg = Debug|Win32
		{B5D5F778-25EA-4CAA-9D15-F78440825578}.Debug|x86.Build.0 = Debug|Win32
		{B5D5F778-25EA-4CAA-9D15-F78440825578}.Release|x64.ActiveCfg = Release|x64
		{B5D5F778-25EA-4CAA-9D15-F78440825578}.Release|x64.Build.0 = Release|x64
		{B5D5F778-25EA-4CAA-9D15-F78440825578}.Release|x86.ActiveCfg = Release|Win32
		{B5D5F778-25EA-4CAA-9D15-F78440825578}.Release|x86.Build.0 = Release|Win32
		{D1257FC4-B626-4FC5-A30F-0E21DF9EAE7C}.Debug|x64.ActiveCfg = Debug|x64
		{D1257FC4-B626-4FC5-A30F-0E21DF9EAE7C}.Debug|x64.Build.0 = Debug|x64
		{D1257FC4-B626-4FC5-A30F-0E21DF9EAE7C}.Debug|x86.ActiveCfg = Debug|Win32
		{D1257FC4-B626-4FC5-A30F-0E21DF9EAE7C}.Debug|x86.Build.0 = Debug|Win32
		{D1257FC4-B626-4FC5-A30F-0E21DF9EAE7C}.Release|x64.ActiveCfg = Release|x64
		{D1257FC4-B626-4FC5-A30F-0E21DF9EAE7C}.Release|x64.Build.0 = Release|x64
		{D1257FC4-B626-4FC5-A30F-0E21DF9EAE7C}.Release|x86.ActiveCfg = Release|Win32
		{D1257FC4-B626-4FC5-A30F-0E21DF9EAE7C}.Release|x86.Build.0 = Release|Win32
		{005D6E8C-40C8-4D2F-840A-7C69BD3CFE53}.Debug|x64.ActiveCfg = Debug|x64
		{005D6E8C-40C8-4D2F-840A-7C69BD3CFE53}.Debug|x64.Build.0 = Debug|x64
		{005D6E8C-40C8-4D2F-840A-7C69BD3CFE53}.Debug|x86.ActiveCfg = Debug|Win32
		{005D6E8C-40C8-4D2F-840A-7C69BD3CFE53}.Debug|x86.Build.0 = Debug|Win32
		{005D6E8C-40C8-4D2F-840A-7C69BD3CFE53}.Release|x64.ActiveCfg = Release|x64
		{005D6E8C-40C8-4D2F-840A-7C69BD3CFE53}.Release|x64.Build.0 = Release|x64
		{005D6E8C-40C8-4D2F-840A-7C69BD3CFE53}.Release|x86.ActiveCfg = Release|Win32
		{005D6E8C-40C8-4D2F-840A-7C69BD3CFE53}.Release|x86.Build.0 = Release|Win32
		{F634AB4A-77B2-4FC1-A201-D72A660E74FC}.Debug|x64.ActiveCfg = Debug|x64
		{F634AB4A-77B2-4FC1-A201-D72A660E74FC}.Debug|x64.Build.0 = Debug|x64
		{F634AB4A-77B2-4FC1-A201-D72A660E74FC}.Debug|x86.ActiveCfg = Debug|Win32
		{F634AB4A-77B2-4FC1-A201-D72A660E74FC}.Debug|x86.Build.0 = Debug|Win32
		{F634AB4A-77B2-4FC1-A201-D72A660E74FC}.Release|x64.ActiveCfg = Release|x64
		{F634AB4A-77B2-4FC1-A201-D72A660E74FC}.Release|x64.Build.0 = Release|x64
		{F634AB4A-77B2-4FC1-A201-D72A660E74FC}.Release|x86.ActiveCfg = Release|Win32
		{F634AB4A-77B2-4FC1-A201-D72A660E74FC}.Release|x86.Build.0 = Release|Win32
		{4E045D08-ADF8-45BF-B14C-643D0B6771D3}.Debug|x64.ActiveCfg = Debug|x64
		{4E045D08-ADF8-45BF-B14C-643D0B6771D3}.Debug|x64.Build.0 = Debug|x64
		{4E045D08-ADF8-45BF-B14C-643D0B6771D3}.Debug|x86.ActiveCfg = Debug|Win32
		{4E045D08-ADF8-45BF-B14C-643D0B6771D3}.Debug|x86.Build.0 = Debug|Win32
		{4E045D08-ADF8-45BF-B14C-643D0B6771D3}.Release|x64.ActiveCfg = Release|x64
		{4E045D08-ADF8-45BF-B14C-643D0B6771D3}.Release|x64.Build.0 = Release|x64
		{4E045D08-ADF8-45BF-B14C-643D0B6771D3}.Release|x86.ActiveCfg = Release|Win32
		{4E045D08-ADF8-45BF-B14C-643D0B6771D3}.Release|x86.Build.0 = Release|Win32
		{66AB7065-D941-40C8-A7E4-3C904C70952B}.Debug|x64.ActiveCfg = Debug|x64
		{66AB7065-D941-40C8-A7E4-3C904C70952B}.Debug|x64.Build.0 = Debug|x64
		{66AB7065-D941-40C8-A7E4-3C904C70952B}.Debug|x86.ActiveCfg = Debug|Win32
		{66AB7065-D941-40C8-A7E4-3C904C70952B}.Debug|x86.Build.0 = Debug|Win32
		{66AB7065-D941-40C8-A7E4-3C904C70952B}.Release|x64.ActiveCfg = Release|x64
		{66AB7065-D941-40C8-A7E4-3C904C70952B}.Release|x64.Build.0 = Release|x64
		{66AB7065-D941-40C8-A7E4-3C904C70952B}.Release|x86.ActiveCfg = Release|Win32
		{66AB7065-D941-40C8-A7E4-3C904C70952B}.Release|x86.Build.0 = Release|Win32
		{D4AB8769-D3C4-43B6-A008-D6571ED7A4B1}.Debug|x64.ActiveCfg = Debug|x64
		{D4AB8769-D3C4-43B6-A008-D6571ED7A4B1}.Debug|x64.Build.0 = Debug|x64
		{D4AB8769-D3C4-43B6-A008-D6571ED7A4B1}.Debug|x86.ActiveCfg = Debug|Win32
		{D4AB8769-D3C4-43B6-A008-D6571ED7A4B1}.Debug|x86.Build.0 = Debug|Win32
		{D4AB8769-D3C4-43B6-A008-D6571ED7A4B1}.Release|x64.ActiveCfg = Release|x64
		{D4AB8769-D3C4-43B6-A008-D6571ED7A4B1}.Release|x64.Build.0 = Release|x64
		{D4AB8769-D3C4-43B6-A008-D6571ED7A4B1}.Release|x86.ActiveCfg = Release|Win32
		{D4AB8769-D3C4-43B6-A008-D6571ED7A4B1}.Release|x86.Build.0 = Release|Win32
		{1EB295A7-401B-4D60-8FDE-8A4E05372734}.Debug|x64.ActiveCfg = Debug|x64
		{1EB295A7-401B-4D60-8FDE-8A4E05372734}.Debug|x64.Build.0 = Debug|x64
		{1EB295A7-401B-4D60-8FDE-8A4E05372734}.Debug|x86.ActiveCfg = Debug|Win32
		{1EB295A7-401B-4D60-8FDE-8A4E05372734}.Debug|x86.Build.0 = Debug|Win32
		{1EB295A7-401B-4D60-8FDE-8A4E05372734}.Release|x64.ActiveCfg = Release|x64
		{1EB295A7-401B-4D60-8FDE-8A4E05372734}.Release|x64.Build.0 = Release|x64
		{1EB295A7-401B-4D60-8FDE-8A4E05372734}.Release|x86.ActiveCfg = Release|Win32
		{1EB295A7-401B-4D60-8FDE-8A4E05372734}.Release|x86.Build.0 = Release|Win32
		{4AA8BBCD-98D5-4392-A232-E3E6B8C633C1}.Debug|x64.ActiveCfg = Debug|x64
		{4AA8BBCD-98D5-4392-A232-E3E6B8C633C1}.Debug|x64.Build.0 = Debug|x64
		{4AA8BBCD-98D5-4392-A232-E3E6B8C633C1}.Debug|x86.ActiveCfg = Debug|Win32
		{4AA8BBCD-98D5-4392-A232-E3E6B8C633C1}.Debug|x86.Build.0 = Debug|Win32
		{4AA8BBCD-98D5-4392-A232-E3E6B8C633C1}.Release|x64.ActiveCfg = Release|x64
		{4AA8BBCD-98D5-4392-A232-E3E6B8C633C1}.Release|x64.Build.0 = Release|x64
		{4AA8BBCD-98D5-4392-A232-E3E6B8C633C1}.Release|x86.ActiveCfg = Release|Win32
		{4AA8BBCD-98D5-4392-A232-E3E6B8C633C1}.Release|x86.Build.0 = Release|Win32
		{E28B015B-5D25-4120-81A2-F79470E248A1}.Debug|x64.ActiveCfg = Debug|x64
		{E28B015B-5D25-4120-81A2-F79470E248A1}.Debug|x64.Build.0 = Debug|x64
		{E28B015B-5D25-4120-81A2-F79470E248A1}.Debug|x86.ActiveCfg = Debug|Win32
		{E28B015B-5D25-4120-81A2-F79470E248A1}.Debug|x86.Build.0 = Debug|Win32
		{E28B015B-5D25-4120-81A2-F79470E248A1}.Release|x64.ActiveCfg = Release|x64
		{E28B015B-5D25-4120-81A2-F79470E248A1}.Release|x64.Build.0 = Release|x64
		{E28B015B-5D25-4120-81A2-F79470E248A1}.Release|x86.ActiveCfg = Release|Win32
		{E28B015B-5D25-4120-81A2-F79470E248A1}.Release|x86.Build.0 = Release|Win32
		{D3553708-DD39-44C3-8FE3-10524E3FE5BE}.Debug|x64.ActiveCfg = Debug|x64
		{D3553708-DD39-44C3-8FE3-10524E3FE5BE}.Debug|x64.Build.0 = Debug|x64
		{D3553708-DD39-44C3-8FE3-10524E3FE5BE}.Debug|x86.ActiveCfg = Debug|Win32
		{D3553708-DD39-44C3-8FE3-10524E3FE5BE}.Debug|x86.Build.0 = Debug|Win32
		{D3553708-DD39-44C3-8FE3-10524E3FE5BE}.Release|x64.ActiveCfg = Release|x64
		{D3553708-DD39-44C3-8FE3-10524E3FE5BE}.Release|x64.Build.0 = Release|x64
		{D3553708-DD39-44C3-8FE3-10524E3FE5BE}.Release|x86.ActiveCfg = Release|Win32
		{D3553708-DD39-44C3-8FE3-10524E3FE5BE}.Release|x86.Build.0 = Release|Win32
		{CAEA4B2B-C73E-49F8-A004-8DF870245296}.Debug|x64.ActiveCfg = Debug|x64
		{CAEA4B2B-C73E-49F8-A004-8DF870245296}.Debug|x64.Build.0 = Debug|x64
		{CAEA4B2B-C73E-49F8-A004-8DF870245296}.Debug|x86.ActiveCfg = Debug|Win32
		{CAEA4B2B-C73E-49F8-A004-8DF870245296}.Debug|x86.Build.0 = Debug|Win32
		{CAEA4B2B-C73E-49F8-A004-8DF870245296}.Release|x64.ActiveCfg = Release|x64
		{CAEA4B2B-C73E-49F8-A004-8DF870245296}.Release|x64.Build.0 = Release|x64
		{CAEA4B2B-C73E-49F8-A004-8DF870245296}.Release|x86.ActiveCfg = Release|Win32
		{CAEA4B2B-C73E-49F8-A004-8DF870245296}.Release|x86.Build.0 = Release|Win32
		{D0DD7D5C-2DA3-4748-AF4F-21F07AAD4781}.Debug|x64.ActiveCfg = Debug|x64
		{D0DD7D5C-2DA3-4748-AF4F-21F07AAD4781}.Debug|x64.Build.0 = Debug|x64
		{D0DD7D5C-2DA3-4748-AF4F-21F07AAD4781}.Debug|x86.ActiveCfg = Debug|Win32
		{D0DD7D5C-2DA3-4748-AF4F-21F07AAD4781}.Debug|x86.Build.0 = Debug|Win32
		{D0DD7D5C-2DA3-4748-AF4F-21F07AAD4781}.Release|x64.ActiveCfg = Release|x64
		{D0DD7D5C-2DA3-4748-AF4F-21F07AAD4781}.Release|x64.Build.0 = Release|x64
		{D0DD7D5C-2DA3-4748-AF4F-21F07AAD4781}.Release|x86.ActiveCfg = Release|Win32
		{D0DD7D5C-2DA3-4748-AF4F-21F07AAD4781}.Release|x86.Build.0 = Release|Win32
		{10D70699-77B2-44C5-905B-3BC8DBA02704}.Debug|x64.ActiveCfg = Debug|x64
		{10D70699-77B2-44C5-905B-3BC8DBA02704}.Debug|x64.Build.0 = Debug|x64
		{10D70699-77B2-44C5-905B-3BC8DBA02704}.Debug|x86.ActiveCfg = Debug|Win32
		{10D70699-77B2-44C5-905B-3BC8DBA02704}.Debug|x86.Build.0 = Debug|Win32
		{10D70699-77B2-44C5-905B-3BC8DBA02704}.Release|x64.ActiveCfg = Release|x64
		{10D70699-77B2-44C5-905B-3BC8DBA02704}.Release|x64.Build.0 = Release|x64
		{10D70699-77B2-44C5-905B-3BC8DBA02704}.Release|x86.ActiveCfg = Release|Win32
		{10D70699-77B2-44C5-905B-3BC8DBA02704}.Release|x86.Build.0 = Release|Win32
		{96550D58-7924-4B37-96A1-B16EBD0DB07D}.Debug|x64.ActiveCfg = Debug|x64
		{96550D58-7924-4B37-96A1-B16EBD0DB07D}.Debug|x64.Build.0 = Debug|x64
		{96550D58-7924-4B37-96A1-B16EBD0DB07D}.Debug|x86.ActiveCfg = Debug|Win32
		{96550D58-7924-4B37-96A1-B16EBD0DB07D}.Debug|x86.Build.0 = Debug|Win32
		{96550D58-7924-4B37-96A1-B16EBD0DB07D}.Release|x64.ActiveCfg = Release|x64
		{96550D58-7924-4B37-96A1-B16EBD0DB07D}.Release|x64.Build.0 = Release|x64
		{96550D58-7924-4B37-96A1-B16EBD0DB07D}.Release|x86.ActiveCfg = Release|Win32
		{96550D58-7924-4B37-96A1-B16EBD0DB07D}.Release|x86.Build.0 = Release|Win32
		{0632139B-91D7-41EA-AA63-42C53C22141D}.Debug|x64.ActiveCfg = Debug|x64
		{0632139B-91D7-41EA-AA63-42C53C22141D}.Debug|x64.Build.0 = Debug|x64
		{0632139B-91D7-41EA-AA63-42C53C22141D}.Debug|x86.ActiveCfg = Debug|Win32
		{0632139B-91D7-41EA-AA63-42C53C22141D}.Debug|x86.Build.0 = Debug|Win32
		{0632139B-91D7-41EA-AA63-42C53C22141D}.Release|x64.ActiveCfg = Release|x64
		{0632139B-91D7-41EA-AA63-42C53C22141D}.Release|x64.Build.0 = Release|x64
		{0632139B-91D7-41EA-AA63-42C53C22141D}.Release|x86.ActiveCfg = Release|Win32
		{0632139B-91D7-41EA-AA63-42C53C22141D}.Release|x86.Build.0 = Release|Win32
		{9895CE86-A0F8-4277-BE7D-EFAFB00D1FE1}.Debug|x64.ActiveCfg = Debug|x64
		{9895CE86-A0F8-4277-BE7D-EFAFB00D1FE1}.Debug|x64.Build.0 = Debug|x64
		{9895CE86-A0F8-4277-BE7D-EFAFB00D1FE1}.Debug|x86.ActiveCfg = Debug|Win32
		{9895CE86-A0F8-4277-BE7D-EFAFB00D1FE1}.Debug|x86.Build.0 = Debug|Win32
		{9895CE86-A0F8-4277-BE7D-EFAFB00D1FE1}.Release|x64.ActiveCfg = Release|x64
		{9895CE86-A0F8-4277-BE7D-EFAFB00D1FE1}.Release|x64.Build.0 = Release|x64
		{9895CE86-A0F8-4277-BE7D-EFAFB00D1FE1}.Release|x86.ActiveCfg = Release|Win32
		{9895CE86-A0F8-4277-BE7D-EFAFB00D1FE1}.Release|x86.Build.0 = Release|Win32
		{086240C5-4419-4B08-8CAA-43B7F9DD3CF8}.Debug|x64.ActiveCfg = Debug|x64
		{086240C5-4419-4B08-8CAA-43B7F9DD3CF8}.Debug|x64.Build.0 = Debug|x64
		{086240C5-4419-4B08-8CAA-43B7F9DD3CF8}.Debug|x86.ActiveCfg = Debug|Win32
		{086240C5-4419-4B08-8CAA-43B7F9DD3CF8}.Debug|x86.Build.0 = Debug|Win32
		{086240C5-4419-4B08-8CAA-43B7F9DD3CF8}.Release|x64.ActiveCfg = Release|x64
		{086240C5-4419-4B08-8CAA-43B7F9DD3CF8}.Release|x64.Build.0 = Release|x64
		{086240C5-4419-4B08-8CAA-43B7F9DD3CF8}.Release|x86.ActiveCfg = Release|Win32
		{086240C5-4419-4B08-8CAA-43B7F9DD3CF8}.Release|x86.Build.0 = Release|Win32
		{5D297ED0-57D0-44AF-BFE4-2B415DBE7126}.Debug|x64.ActiveCfg = Debug|x64
		{5D297ED0-57D0-44AF-BFE4-2B415DBE7126}.Debug|x64.Build.0 = Debug|x64
		{5D297ED0-57D0-44AF-BFE4-2B415DBE7126}.Debug|x86.ActiveCfg = Debug|Win32
		{5D297ED0-57D0-44AF-BFE4-2B415DBE7126}.Debug|x86.Build.0 = Debug|Win32
		{5D297ED0-57D0-44AF-BFE4-2B415DBE7126}.Release|x64.ActiveCfg = Release|x64
		{5D297ED0-57D0-44AF-BFE4-2B415DBE7126}.Release|x64.Build.0 = Release|x64
		{5D297ED0-57D0-44AF-BFE4-2B415DBE7126}.Release|x86.ActiveCfg = Release|Win32
		{5D297ED0-57D0-44AF-BFE4-2B415DBE7126}.Release|x86.Build.0 = Release|Win32
		{B71C782E-B4D2-4801-8C74-4EBF89C29BEE}.Debug|x64.ActiveCfg = Debug|x64
		{B71C782E-B4D2-4801-8C74-4EBF89C29BEE}.Debug|x64.Build.0 = Debug|x64
		{B71C782E-B4D2-4801-8C74-4EBF89C29BEE}.Debug|x86.ActiveCfg = Debug|Win32
		{B71C782E-B4D2-4801-8C74-4EBF89C29BEE}.Debug|x86.Build.0 = Debug|Win32
		{B71C782E-B4D2-4801-8C74-4EBF89C29BEE}.Release|x64.ActiveCfg = Release|x64
		{B71C782E-B4D2-4801-8C74-4EBF89C29BEE}.Release|x64.Build.0 = Release|x64
		{B71C782E-B4D2-4801-8C74-4EBF89C29BEE}.Release|x86.ActiveCfg = Release|Win32
		{B71C782E-B4D2-4801-8C74-4EBF89C29BEE}.Release|x86.Build.0 = Release|Win32
		{C4E642A3-C445-4D6B-B2AD-89385A675BFB}.Debug|x64.ActiveCfg = Debug|x64
		{C4E642A3-C445-4D6B-B2AD-89385A675BFB}.Debug|x64.Build.0 = Debug|x64
		{C4E642A3-C445-4D6B-B2AD-89385A675BFB}.Debug|x86.ActiveCfg = Debug|Win32
		{C4E642A3-C445-4D6B-B2AD-89385A675BFB}.Debug|x86.Build.0 = Debug|Win32
		{C4E642A3-C445-4D6B-B2AD-89385A675BFB}.Release|x64.ActiveCfg = Release|x64
		{C4E642A3-C445-4D6B-B2AD-89385A675BFB}.Release|x64.Build.0 = Release|x64
		{C4E642A3-C445-4D6B-B2AD-89385A675BFB}.Release|x86.ActiveCfg = Release|Win32
		{C4E642A3-C445-4D6B-B2AD-89385A675BFB}.Release|x86.Build.0 = Release|Win32
	EndGlobalSection
	GlobalSection(SolutionProperties) = preSolution
		HideSolutionNode = FALSE
	EndGlobalSection
	GlobalSection(ExtensibilityGlobals) = postSolution
		SolutionGuid = {49BD3F52-8F91-48E5-A050-B28C0A72DFAC}
	EndGlobalSection
EndGlobal
